
Microsoft Visual Studio Solution File, Format Version 12.00
# Visual Studio Version 17
VisualStudioVersion = 17.12.35309.182
MinimumVisualStudioVersion = 10.0.40219.1
Project("{FAE04EC0-301F-11D3-BF4B-00C04F79EFBC}") = "Elders.Cronus.SourceGeneration.AutoUpdater", "Elders.Cronus.SourceGeneration.AutoUpdater\Elders.Cronus.SourceGeneration.AutoUpdater.csproj", "{4A7AA641-E5DB-47CD-894E-87098406BA55}"
EndProject
Global
	GlobalSection(SolutionConfigurationPlatforms) = preSolution
		Debug|Any CPU = Debug|Any CPU
		Release|Any CPU = Release|Any CPU
	EndGlobalSection
	GlobalSection(ProjectConfigurationPlatforms) = postSolution
		{4A7AA641-E5DB-47CD-894E-87098406BA55}.Debug|Any CPU.ActiveCfg = Debug|Any CPU
		{4A7AA641-E5DB-47CD-894E-87098406BA55}.Debug|Any CPU.Build.0 = Debug|Any CPU
		{4A7AA641-E5DB-47CD-894E-87098406BA55}.Release|Any CPU.ActiveCfg = Release|Any CPU
		{4A7AA641-E5DB-47CD-894E-87098406BA55}.Release|Any CPU.Build.0 = Release|Any CPU
	EndGlobalSection
	GlobalSection(SolutionProperties) = preSolution
		HideSolutionNode = FALSE
	EndGlobalSection
	GlobalSection(ExtensibilityGlobals) = postSolution
		SolutionGuid = {9E65CFD0-773E-47BD-B4D4-8E3EB0FB6873}
	EndGlobalSection
EndGlobal
